
Microsoft Visual Studio Solution File, Format Version 12.00
# Visual Studio Version 17
VisualStudioVersion = 17.14.36518.9 d17.14
MinimumVisualStudioVersion = 10.0.40219.1
Project("{8BC9CEB8-8B4A-11D0-8D11-00A0C91BC942}") = "Exercice 1 — Personnage de jeu vidéo", "Exercice 1 — Personnage de jeu vidéo\Exercice 1 — Personnage de jeu vidéo.vcxproj", "{F45E0EE7-C775-461C-AE9A-C839CAF1DE00}"
EndProject
Project("{8BC9CEB8-8B4A-11D0-8D11-00A0C91BC942}") = "Exercice 2 — Inventaire et Objets", "Exercice 2 — Inventaire et Objets\Exercice 2 — Inventaire et Objets.vcxproj", "{5311CC89-4B5D-40CB-AF70-5A1A6773E897}"
EndProject
Global
	GlobalSection(SolutionConfigurationPlatforms) = preSolution
		Debug|x64 = Debug|x64
		Debug|x86 = Debug|x86
		Release|x64 = Release|x64
		Release|x86 = Release|x86
	EndGlobalSection
	GlobalSection(ProjectConfigurationPlatforms) = postSolution
		{F45E0EE7-C775-461C-AE9A-C839CAF1DE00}.Debug|x64.ActiveCfg = Debug|x64
		{F45E0EE7-C775-461C-AE9A-C839CAF1DE00}.Debug|x64.Build.0 = Debug|x64
		{F45E0EE7-C775-461C-AE9A-C839CAF1DE00}.Debug|x86.ActiveCfg = Debug|Win32
		{F45E0EE7-C775-461C-AE9A-C839CAF1DE00}.Debug|x86.Build.0 = Debug|Win32
		{F45E0EE7-C775-461C-AE9A-C839CAF1DE00}.Release|x64.ActiveCfg = Release|x64
		{F45E0EE7-C775-461C-AE9A-C839CAF1DE00}.Release|x64.Build.0 = Release|x64
		{F45E0EE7-C775-461C-AE9A-C839CAF1DE00}.Release|x86.ActiveCfg = Release|Win32
		{F45E0EE7-C775-461C-AE9A-C839CAF1DE00}.Release|x86.Build.0 = Release|Win32
		{5311CC89-4B5D-40CB-AF70-5A1A6773E897}.Debug|x64.ActiveCfg = Debug|x64
		{5311CC89-4B5D-40CB-AF70-5A1A6773E897}.Debug|x64.Build.0 = Debug|x64
		{5311CC89-4B5D-40CB-AF70-5A1A6773E897}.Debug|x86.ActiveCfg = Debug|Win32
		{5311CC89-4B5D-40CB-AF70-5A1A6773E897}.Debug|x86.Build.0 = Debug|Win32
		{5311CC89-4B5D-40CB-AF70-5A1A6773E897}.Release|x64.ActiveCfg = Release|x64
		{5311CC89-4B5D-40CB-AF70-5A1A6773E897}.Release|x64.Build.0 = Release|x64
		{5311CC89-4B5D-40CB-AF70-5A1A6773E897}.Release|x86.ActiveCfg = Release|Win32
		{5311CC89-4B5D-40CB-AF70-5A1A6773E897}.Release|x86.Build.0 = Release|Win32
	EndGlobalSection
	GlobalSection(SolutionProperties) = preSolution
		HideSolutionNode = FALSE
	EndGlobalSection
	GlobalSection(ExtensibilityGlobals) = postSolution
		SolutionGuid = {4666CFD9-CFED-4B5E-A5A8-02AA7D1CFF4F}
	EndGlobalSection
EndGlobal
